// !$*UTF8*$!
{
	archiveVersion = 1;
	classes = {
	};
	objectVersion = 48;
	objects = {

/* Begin PBXBuildFile section */
		D08157E42079EAB00056971B /* AppDelegate.swift in Sources */ = {isa = PBXBuildFile; fileRef = D08157E32079EAB00056971B /* AppDelegate.swift */; };
		D08157E62079EAB00056971B /* ViewController.swift in Sources */ = {isa = PBXBuildFile; fileRef = D08157E52079EAB00056971B /* ViewController.swift */; };
		D08157E92079EAB00056971B /* Main.storyboard in Resources */ = {isa = PBXBuildFile; fileRef = D08157E72079EAB00056971B /* Main.storyboard */; };
		D08157EB2079EAB00056971B /* Assets.xcassets in Resources */ = {isa = PBXBuildFile; fileRef = D08157EA2079EAB00056971B /* Assets.xcassets */; };
		D08157EE2079EAB00056971B /* LaunchScreen.storyboard in Resources */ = {isa = PBXBuildFile; fileRef = D08157EC2079EAB00056971B /* LaunchScreen.storyboard */; };
		D08157F62079FADC0056971B /* FoodItemModel.swift in Sources */ = {isa = PBXBuildFile; fileRef = D08157F52079FADC0056971B /* FoodItemModel.swift */; };
		D08157F82079FE980056971B /* FoodItemList.plist in Resources */ = {isa = PBXBuildFile; fileRef = D08157F72079FE980056971B /* FoodItemList.plist */; };
		D08157FA207A0EC20056971B /* FoodDetialController.swift in Sources */ = {isa = PBXBuildFile; fileRef = D08157F9207A0EC20056971B /* FoodDetialController.swift */; };
/* End PBXBuildFile section */

/* Begin PBXFileReference section */
		D08157E02079EAB00056971B /* iOS11NavBar.app */ = {isa = PBXFileReference; explicitFileType = wrapper.application; includeInIndex = 0; path = iOS11NavBar.app; sourceTree = BUILT_PRODUCTS_DIR; };
		D08157E32079EAB00056971B /* AppDelegate.swift */ = {isa = PBXFileReference; lastKnownFileType = sourcecode.swift; path = AppDelegate.swift; sourceTree = "<group>"; };
		D08157E52079EAB00056971B /* ViewController.swift */ = {isa = PBXFileReference; lastKnownFileType = sourcecode.swift; path = ViewController.swift; sourceTree = "<group>"; };
		D08157E82079EAB00056971B /* Base */ = {isa = PBXFileReference; lastKnownFileType = file.storyboard; name = Base; path = Base.lproj/Main.storyboard; sourceTree = "<group>"; };
		D08157EA2079EAB00056971B /* Assets.xcassets */ = {isa = PBXFileReference; lastKnownFileType = folder.assetcatalog; path = Assets.xcassets; sourceTree = "<group>"; };
		D08157ED2079EAB00056971B /* Base */ = {isa = PBXFileReference; lastKnownFileType = file.storyboard; name = Base; path = Base.lproj/LaunchScreen.storyboard; sourceTree = "<group>"; };
		D08157EF2079EAB00056971B /* Info.plist */ = {isa = PBXFileReference; lastKnownFileType = text.plist.xml; path = Info.plist; sourceTree = "<group>"; };
		D08157F52079FADC0056971B /* FoodItemModel.swift */ = {isa = PBXFileReference; lastKnownFileType = sourcecode.swift; path = FoodItemModel.swift; sourceTree = "<group>"; };
		D08157F72079FE980056971B /* FoodItemList.plist */ = {isa = PBXFileReference; lastKnownFileType = text.plist.xml; path = FoodItemList.plist; sourceTree = "<group>"; };
		D08157F9207A0EC20056971B /* FoodDetialController.swift */ = {isa = PBXFileReference; lastKnownFileType = sourcecode.swift; path = FoodDetialController.swift; sourceTree = "<group>"; };
/* End PBXFileReference section */

/* Begin PBXFrameworksBuildPhase section */
		D08157DD2079EAB00056971B /* Frameworks */ = {
			isa = PBXFrameworksBuildPhase;
			buildActionMask = 2147483647;
			files = (
			);
			runOnlyForDeploymentPostprocessing = 0;
		};
/* End PBXFrameworksBuildPhase section */

/* Begin PBXGroup section */
		D08157D72079EAB00056971B = {
			isa = PBXGroup;
			children = (
				D08157E22079EAB00056971B /* iOS11NavBar */,
				D08157E12079EAB00056971B /* Products */,
			);
			sourceTree = "<group>";
		};
		D08157E12079EAB00056971B /* Products */ = {
			isa = PBXGroup;
			children = (
				D08157E02079EAB00056971B /* iOS11NavBar.app */,
			);
			name = Products;
			sourceTree = "<group>";
		};
		D08157E22079EAB00056971B /* iOS11NavBar */ = {
			isa = PBXGroup;
			children = (
				D08157E32079EAB00056971B /* AppDelegate.swift */,
				D08157F52079FADC0056971B /* FoodItemModel.swift */,
				D08157E52079EAB00056971B /* ViewController.swift */,
				D08157F9207A0EC20056971B /* FoodDetialController.swift */,
				D08157E72079EAB00056971B /* Main.storyboard */,
				D08157EA2079EAB00056971B /* Assets.xcassets */,
				D08157EC2079EAB00056971B /* LaunchScreen.storyboard */,
				D08157EF2079EAB00056971B /* Info.plist */,
				D08157F72079FE980056971B /* FoodItemList.plist */,
			);
			path = iOS11NavBar;
			sourceTree = "<group>";
		};
/* End PBXGroup section */

/* Begin PBXNativeTarget section */
		D08157DF2079EAB00056971B /* iOS11NavBar */ = {
			isa = PBXNativeTarget;
			buildConfigurationList = D08157F22079EAB00056971B /* Build configuration list for PBXNativeTarget "iOS11NavBar" */;
			buildPhases = (
				D08157DC2079EAB00056971B /* Sources */,
				D08157DD2079EAB00056971B /* Frameworks */,
				D08157DE2079EAB00056971B /* Resources */,
			);
			buildRules = (
			);
			dependencies = (
			);
			name = iOS11NavBar;
			productName = iOS11NavBar;
			productReference = D08157E02079EAB00056971B /* iOS11NavBar.app */;
			productType = "com.apple.product-type.application";
		};
/* End PBXNativeTarget section */

/* Begin PBXProject section */
		D08157D82079EAB00056971B /* Project object */ = {
			isa = PBXProject;
			attributes = {
				LastSwiftUpdateCheck = 0920;
				LastUpgradeCheck = 0920;
				ORGANIZATIONNAME = "Mradul Mathur";
				TargetAttributes = {
					D08157DF2079EAB00056971B = {
						CreatedOnToolsVersion = 9.2;
						ProvisioningStyle = Manual;
					};
				};
			};
			buildConfigurationList = D08157DB2079EAB00056971B /* Build configuration list for PBXProject "iOS11NavBar" */;
			compatibilityVersion = "Xcode 8.0";
			developmentRegion = en;
			hasScannedForEncodings = 0;
			knownRegions = (
				en,
				Base,
			);
			mainGroup = D08157D72079EAB00056971B;
			productRefGroup = D08157E12079EAB00056971B /* Products */;
			projectDirPath = "";
			projectRoot = "";
			targets = (
				D08157DF2079EAB00056971B /* iOS11NavBar */,
			);
		};
/* End PBXProject section */

/* Begin PBXResourcesBuildPhase section */
		D08157DE2079EAB00056971B /* Resources */ = {
			isa = PBXResourcesBuildPhase;
			buildActionMask = 2147483647;
			files = (
				D08157EE2079EAB00056971B /* LaunchScreen.storyboard in Resources */,
				D08157EB2079EAB00056971B /* Assets.xcassets in Resources */,
				D08157E92079EAB00056971B /* Main.storyboard in Resources */,
				D08157F82079FE980056971B /* FoodItemList.plist in Resources */,
			);
			runOnlyForDeploymentPostprocessing = 0;
		};
/* End PBXResourcesBuildPhase section */

/* Begin PBXSourcesBuildPhase section */
		D08157DC2079EAB00056971B /* Sources */ = {
			isa = PBXSourcesBuildPhase;
			buildActionMask = 2147483647;
			files = (
				D08157FA207A0EC20056971B /* FoodDetialController.swift in Sources */,
				D08157E62079EAB00056971B /* ViewController.swift in Sources */,
				D08157F62079FADC0056971B /* FoodItemModel.swift in Sources */,
				D08157E42079EAB00056971B /* AppDelegate.swift in Sources */,
			);
			runOnlyForDeploymentPostprocessing = 0;
		};
/* End PBXSourcesBuildPhase section */

/* Begin PBXVariantGroup section */
		D08157E72079EAB00056971B /* Main.storyboard */ = {
			isa = PBXVariantGroup;
			children = (
				D08157E82079EAB00056971B /* Base */,
			);
			name = Main.storyboard;
			sourceTree = "<group>";
		};
		D08157EC2079EAB00056971B /* LaunchScreen.storyboard */ = {
			isa = PBXVariantGroup;
			children = (
				D08157ED2079EAB00056971B /* Base */,
			);
			name = LaunchScreen.storyboard;
			sourceTree = "<group>";
		};
/* End PBXVariantGroup section */

/* Begin XCBuildConfiguration section */
		D08157F02079EAB00056971B /* Debug */ = {
			isa = XCBuildConfiguration;
			buildSettings = {
				ALWAYS_SEARCH_USER_PATHS = NO;
				CLANG_ANALYZER_NONNULL = YES;
				CLANG_ANALYZER_NUMBER_OBJECT_CONVERSION = YES_AGGRESSIVE;
				CLANG_CXX_LANGUAGE_STANDARD = "gnu++14";
				CLANG_CXX_LIBRARY = "libc++";
				CLANG_ENABLE_MODULES = YES;
				CLANG_ENABLE_OBJC_ARC = YES;
				CLANG_WARN_BLOCK_CAPTURE_AUTORELEASING = YES;
				CLANG_WARN_BOOL_CONVERSION = YES;
				CLANG_WARN_COMMA = YES;
				CLANG_WARN_CONSTANT_CONVERSION = YES;
				CLANG_WARN_DIRECT_OBJC_ISA_USAGE = YES_ERROR;
				CLANG_WARN_DOCUMENTATION_COMMENTS = YES;
				CLANG_WARN_EMPTY_BODY = YES;
				CLANG_WARN_ENUM_CONVERSION = YES;
				CLANG_WARN_INFINITE_RECURSION = YES;
				CLANG_WARN_INT_CONVERSION = YES;
				CLANG_WARN_NON_LITERAL_NULL_CONVERSION = YES;
				CLANG_WARN_OBJC_LITERAL_CONVERSION = YES;
				CLANG_WARN_OBJC_ROOT_CLASS = YES_ERROR;
				CLANG_WARN_RANGE_LOOP_ANALYSIS = YES;
				CLANG_WARN_STRICT_PROTOTYPES = YES;
				CLANG_WARN_SUSPICIOUS_MOVE = YES;
				CLANG_WARN_UNGUARDED_AVAILABILITY = YES_AGGRESSIVE;
				CLANG_WARN_UNREACHABLE_CODE = YES;
				CLANG_WARN__DUPLICATE_METHOD_MATCH = YES;
				CODE_SIGN_IDENTITY = "iPhone Developer";
				COPY_PHASE_STRIP = NO;
				DEBUG_INFORMATION_FORMAT = dwarf;
				ENABLE_STRICT_OBJC_MSGSEND = YES;
				ENABLE_TESTABILITY = YES;
				GCC_C_LANGUAGE_STANDARD = gnu11;
				GCC_DYNAMIC_NO_PIC = NO;
				GCC_NO_COMMON_BLOCKS = YES;
				GCC_OPTIMIZATION_LEVEL = 0;
				GCC_PREPROCESSOR_DEFINITIONS = (
					"DEBUG=1",
					"$(inherited)",
				);
				GCC_WARN_64_TO_32_BIT_CONVERSION = YES;
				GCC_WARN_ABOUT_RETURN_TYPE = YES_ERROR;
				GCC_WARN_UNDECLARED_SELECTOR = YES;
				GCC_WARN_UNINITIALIZED_AUTOS = YES_AGGRESSIVE;
				GCC_WARN_UNUSED_FUNCTION = YES;
				GCC_WARN_UNUSED_VARIABLE = YES;
				IPHONEOS_DEPLOYMENT_TARGET = 11.2;
				MTL_ENABLE_DEBUG_INFO = YES;
				ONLY_ACTIVE_ARCH = YES;
				SDKROOT = iphoneos;
				SWIFT_ACTIVE_COMPILATION_CONDITIONS = DEBUG;
				SWIFT_OPTIMIZATION_LEVEL = "-Onone";
			};
			name = Debug;
		};
		D08157F12079EAB00056971B /* Release */ = {
			isa = XCBuildConfiguration;
			buildSettings = {
				ALWAYS_SEARCH_USER_PATHS = NO;
				CLANG_ANALYZER_NONNULL = YES;
				CLANG_ANALYZER_NUMBER_OBJECT_CONVERSION = YES_AGGRESSIVE;
				CLANG_CXX_LANGUAGE_STANDARD = "gnu++14";
				CLANG_CXX_LIBRARY = "libc++";
				CLANG_ENABLE_MODULES = YES;
				CLANG_ENABLE_OBJC_ARC = YES;
				CLANG_WARN_BLOCK_CAPTURE_AUTORELEASING = YES;
				CLANG_WARN_BOOL_CONVERSION = YES;
				CLANG_WARN_COMMA = YES;
				CLANG_WARN_CONSTANT_CONVERSION = YES;
				CLANG_WARN_DIRECT_OBJC_ISA_USAGE = YES_ERROR;
				CLANG_WARN_DOCUMENTATION_COMMENTS = YES;
				CLANG_WARN_EMPTY_BODY = YES;
				CLANG_WARN_ENUM_CONVERSION = YES;
				CLANG_WARN_INFINITE_RECURSION = YES;
				CLANG_WARN_INT_CONVERSION = YES;
				CLANG_WARN_NON_LITERAL_NULL_CONVERSION = YES;
				CLANG_WARN_OBJC_LITERAL_CONVERSION = YES;
				CLANG_WARN_OBJC_ROOT_CLASS = YES_ERROR;
				CLANG_WARN_RANGE_LOOP_ANALYSIS = YES;
				CLANG_WARN_STRICT_PROTOTYPES = YES;
				CLANG_WARN_SUSPICIOUS_MOVE = YES;
				CLANG_WARN_UNGUARDED_AVAILABILITY = YES_AGGRESSIVE;
				CLANG_WARN_UNREACHABLE_CODE = YES;
				CLANG_WARN__DUPLICATE_METHOD_MATCH = YES;
				CODE_SIGN_IDENTITY = "iPhone Developer";
				COPY_PHASE_STRIP = NO;
				DEBUG_INFORMATION_FORMAT = "dwarf-with-dsym";
				ENABLE_NS_ASSERTIONS = NO;
				ENABLE_STRICT_OBJC_MSGSEND = YES;
				GCC_C_LANGUAGE_STANDARD = gnu11;
				GCC_NO_COMMON_BLOCKS = YES;
				GCC_WARN_64_TO_32_BIT_CONVERSION = YES;
				GCC_WARN_ABOUT_RETURN_TYPE = YES_ERROR;
				GCC_WARN_UNDECLARED_SELECTOR = YES;
				GCC_WARN_UNINITIALIZED_AUTOS = YES_AGGRESSIVE;
				GCC_WARN_UNUSED_FUNCTION = YES;
				GCC_WARN_UNUSED_VARIABLE = YES;
				IPHONEOS_DEPLOYMENT_TARGET = 11.2;
				MTL_ENABLE_DEBUG_INFO = NO;
				SDKROOT = iphoneos;
				SWIFT_OPTIMIZATION_LEVEL = "-Owholemodule";
				VALIDATE_PRODUCT = YES;
			};
			name = Release;
		};
		D08157F32079EAB00056971B /* Debug */ = {
			isa = XCBuildConfiguration;
			buildSettings = {
				ASSETCATALOG_COMPILER_APPICON_NAME = AppIcon;
				CODE_SIGN_STYLE = Manual;
				DEVELOPMENT_TEAM = M8A7BYS443;
				INFOPLIST_FILE = iOS11NavBar/Info.plist;
				LD_RUNPATH_SEARCH_PATHS = "$(inherited) @executable_path/Frameworks";
				PRODUCT_BUNDLE_IDENTIFIER = com.ranosys.iOS11NavBar;
				PRODUCT_NAME = "$(TARGET_NAME)";
				PROVISIONING_PROFILE = "11684b41-464e-4409-9eca-c178e137d821";
				PROVISIONING_PROFILE_SPECIFIER = RanosysWildcardDev;
				SWIFT_VERSION = 4.0;
				TARGETED_DEVICE_FAMILY = "1,2";
			};
			name = Debug;
		};
		D08157F42079EAB00056971B /* Release */ = {
			isa = XCBuildConfiguration;
			buildSettings = {
				ASSETCATALOG_COMPILER_APPICON_NAME = AppIcon;
				CODE_SIGN_STYLE = Manual;
				DEVELOPMENT_TEAM = M8A7BYS443;
				INFOPLIST_FILE = iOS11NavBar/Info.plist;
				LD_RUNPATH_SEARCH_PATHS = "$(inherited) @executable_path/Frameworks";
				PRODUCT_BUNDLE_IDENTIFIER = com.ranosys.iOS11NavBar;
				PRODUCT_NAME = "$(TARGET_NAME)";
				PROVISIONING_PROFILE = "11684b41-464e-4409-9eca-c178e137d821";
				PROVISIONING_PROFILE_SPECIFIER = RanosysWildcardDev;
				SWIFT_VERSION = 4.0;
				TARGETED_DEVICE_FAMILY = "1,2";
			};
			name = Release;
		};
/* End XCBuildConfiguration section */

/* Begin XCConfigurationList section */
		D08157DB2079EAB00056971B /* Build configuration list for PBXProject "iOS11NavBar" */ = {
			isa = XCConfigurationList;
			buildConfigurations = (
				D08157F02079EAB00056971B /* Debug */,
				D08157F12079EAB00056971B /* Release */,
			);
			defaultConfigurationIsVisible = 0;
			defaultConfigurationName = Release;
		};
		D08157F22079EAB00056971B /* Build configuration list for PBXNativeTarget "iOS11NavBar" */ = {
			isa = XCConfigurationList;
			buildConfigurations = (
				D08157F32079EAB00056971B /* Debug */,
				D08157F42079EAB00056971B /* Release */,
			);
			defaultConfigurationIsVisible = 0;
			defaultConfigurationName = Release;
		};
/* End XCConfigurationList section */
	};
	rootObject = D08157D82079EAB00056971B /* Project object */;
}
